
Microsoft Visual Studio Solution File, Format Version 12.00
# Visual Studio 15
VisualStudioVersion = 15.0.27004.2002
MinimumVisualStudioVersion = 10.0.40219.1
Project("{FAE04EC0-301F-11D3-BF4B-00C04F79EFBC}") = "PortIn", "PortIn\PortIn.csproj", "{0B6CD5C6-0229-49E2-86E1-E252C0479BCF}"
EndProject
Global
	GlobalSection(SolutionConfigurationPlatforms) = preSolution
		Debug|Any CPU = Debug|Any CPU
		Release|Any CPU = Release|Any CPU
	EndGlobalSection
	GlobalSection(ProjectConfigurationPlatforms) = postSolution
		{0B6CD5C6-0229-49E2-86E1-E252C0479BCF}.Debug|Any CPU.ActiveCfg = Debug|Any CPU
		{0B6CD5C6-0229-49E2-86E1-E252C0479BCF}.Debug|Any CPU.Build.0 = Debug|Any CPU
		{0B6CD5C6-0229-49E2-86E1-E252C0479BCF}.Release|Any CPU.ActiveCfg = Release|Any CPU
		{0B6CD5C6-0229-49E2-86E1-E252C0479BCF}.Release|Any CPU.Build.0 = Release|Any CPU
	EndGlobalSection
	GlobalSection(SolutionProperties) = preSolution
		HideSolutionNode = FALSE
	EndGlobalSection
	GlobalSection(ExtensibilityGlobals) = postSolution
		SolutionGuid = {46E26FF9-1417-49C9-87AF-B757C66CE453}
	EndGlobalSection
EndGlobal
